
Microsoft Visual Studio Solution File, Format Version 12.00
# Visual Studio 15
VisualStudioVersion = 15.0.28307.902
MinimumVisualStudioVersion = 10.0.40219.1
Project("{FAE04EC0-301F-11D3-BF4B-00C04F79EFBC}") = "DesignPattern", "DesignPattern\DesignPattern.csproj", "{4143357A-EDF2-43B6-B212-18B098A3F478}"
EndProject
Global
	GlobalSection(SolutionConfigurationPlatforms) = preSolution
		Debug|Any CPU = Debug|Any CPU
		Release|Any CPU = Release|Any CPU
	EndGlobalSection
	GlobalSection(ProjectConfigurationPlatforms) = postSolution
		{4143357A-EDF2-43B6-B212-18B098A3F478}.Debug|Any CPU.ActiveCfg = Debug|Any CPU
		{4143357A-EDF2-43B6-B212-18B098A3F478}.Debug|Any CPU.Build.0 = Debug|Any CPU
		{4143357A-EDF2-43B6-B212-18B098A3F478}.Release|Any CPU.ActiveCfg = Release|Any CPU
		{4143357A-EDF2-43B6-B212-18B098A3F478}.Release|Any CPU.Build.0 = Release|Any CPU
	EndGlobalSection
	GlobalSection(SolutionProperties) = preSolution
		HideSolutionNode = FALSE
	EndGlobalSection
	GlobalSection(ExtensibilityGlobals) = postSolution
		SolutionGuid = {900452C8-93FA-4EC3-8FA4-303534D6428E}
	EndGlobalSection
EndGlobal
